
Microsoft Visual Studio Solution File, Format Version 12.00
# Visual Studio 14
VisualStudioVersion = 14.0.25420.1
MinimumVisualStudioVersion = 10.0.40219.1
Project("{FAE04EC0-301F-11D3-BF4B-00C04F79EFBC}") = "SymbolFrontend", "SymbolFrontend\SymbolFrontend.csproj", "{53945EDC-D8BA-4304-9E4F-5E9567D7168E}"
EndProject
Project("{FAE04EC0-301F-11D3-BF4B-00C04F79EFBC}") = "SymbolFrontend.Test", "SymbolFrontend.Test\SymbolFrontend.Test.csproj", "{ADFEF617-847A-4BC7-8965-4F53F839BA80}"
EndProject
Global
	GlobalSection(SolutionConfigurationPlatforms) = preSolution
		Debug|Any CPU = Debug|Any CPU
		Release|Any CPU = Release|Any CPU
	EndGlobalSection
	GlobalSection(ProjectConfigurationPlatforms) = postSolution
		{53945EDC-D8BA-4304-9E4F-5E9567D7168E}.Debug|Any CPU.ActiveCfg = Debug|Any CPU
		{53945EDC-D8BA-4304-9E4F-5E9567D7168E}.Debug|Any CPU.Build.0 = Debug|Any CPU
		{53945EDC-D8BA-4304-9E4F-5E9567D7168E}.Release|Any CPU.ActiveCfg = Release|Any CPU
		{53945EDC-D8BA-4304-9E4F-5E9567D7168E}.Release|Any CPU.Build.0 = Release|Any CPU
		{ADFEF617-847A-4BC7-8965-4F53F839BA80}.Debug|Any CPU.ActiveCfg = Debug|Any CPU
		{ADFEF617-847A-4BC7-8965-4F53F839BA80}.Debug|Any CPU.Build.0 = Debug|Any CPU
		{ADFEF617-847A-4BC7-8965-4F53F839BA80}.Release|Any CPU.ActiveCfg = Release|Any CPU
		{ADFEF617-847A-4BC7-8965-4F53F839BA80}.Release|Any CPU.Build.0 = Release|Any CPU
	EndGlobalSection
	GlobalSection(SolutionProperties) = preSolution
		HideSolutionNode = FALSE
	EndGlobalSection
EndGlobal
